
Microsoft Visual Studio Solution File, Format Version 12.00
Project("{FAE04EC0-301F-11D3-BF4B-00C04F79EFBC}") = "DiscordDataAnalyzer", "DiscordDataAnalyzer\DiscordDataAnalyzer.csproj", "{6C49C12E-A156-4C34-ADE5-362462B567DF}"
EndProject
Global
	GlobalSection(SolutionConfigurationPlatforms) = preSolution
		Debug|Any CPU = Debug|Any CPU
		Release|Any CPU = Release|Any CPU
	EndGlobalSection
	GlobalSection(ProjectConfigurationPlatforms) = postSolution
		{6C49C12E-A156-4C34-ADE5-362462B567DF}.Debug|Any CPU.ActiveCfg = Debug|Any CPU
		{6C49C12E-A156-4C34-ADE5-362462B567DF}.Debug|Any CPU.Build.0 = Debug|Any CPU
		{6C49C12E-A156-4C34-ADE5-362462B567DF}.Release|Any CPU.ActiveCfg = Release|Any CPU
		{6C49C12E-A156-4C34-ADE5-362462B567DF}.Release|Any CPU.Build.0 = Release|Any CPU
	EndGlobalSection
EndGlobal
